
Microsoft Visual Studio Solution File, Format Version 12.00
# Visual Studio Version 17
VisualStudioVersion = 17.3.32929.385
MinimumVisualStudioVersion = 10.0.40219.1
Project("{FAE04EC0-301F-11D3-BF4B-00C04F79EFBC}") = "ISpan.Inseparable.MVC", "ISpan.Inseparable.MVC\ISpan.Inseparable.MVC.csproj", "{4EA8D1B7-AF27-4D2D-9022-BBC2573FAA16}"
EndProject
Project("{FAE04EC0-301F-11D3-BF4B-00C04F79EFBC}") = "ISpan.Inseparable.BLL", "ISpan.Inseparable.BLL\ISpan.Inseparable.BLL.csproj", "{928A2553-367C-44A2-AEE0-78D4381727C4}"
EndProject
Project("{FAE04EC0-301F-11D3-BF4B-00C04F79EFBC}") = "ISpan.Inseparable.DAL", "ISpan.Inseparable.DAL\ISpan.Inseparable.DAL.csproj", "{500E71FE-E8F7-4584-9DFE-14DA5986C8D8}"
EndProject
Global
	GlobalSection(SolutionConfigurationPlatforms) = preSolution
		Debug|Any CPU = Debug|Any CPU
		Release|Any CPU = Release|Any CPU
	EndGlobalSection
	GlobalSection(ProjectConfigurationPlatforms) = postSolution
		{4EA8D1B7-AF27-4D2D-9022-BBC2573FAA16}.Debug|Any CPU.ActiveCfg = Debug|Any CPU
		{4EA8D1B7-AF27-4D2D-9022-BBC2573FAA16}.Debug|Any CPU.Build.0 = Debug|Any CPU
		{4EA8D1B7-AF27-4D2D-9022-BBC2573FAA16}.Release|Any CPU.ActiveCfg = Release|Any CPU
		{4EA8D1B7-AF27-4D2D-9022-BBC2573FAA16}.Release|Any CPU.Build.0 = Release|Any CPU
		{928A2553-367C-44A2-AEE0-78D4381727C4}.Debug|Any CPU.ActiveCfg = Debug|Any CPU
		{928A2553-367C-44A2-AEE0-78D4381727C4}.Debug|Any CPU.Build.0 = Debug|Any CPU
		{928A2553-367C-44A2-AEE0-78D4381727C4}.Release|Any CPU.ActiveCfg = Release|Any CPU
		{928A2553-367C-44A2-AEE0-78D4381727C4}.Release|Any CPU.Build.0 = Release|Any CPU
		{500E71FE-E8F7-4584-9DFE-14DA5986C8D8}.Debug|Any CPU.ActiveCfg = Debug|Any CPU
		{500E71FE-E8F7-4584-9DFE-14DA5986C8D8}.Debug|Any CPU.Build.0 = Debug|Any CPU
		{500E71FE-E8F7-4584-9DFE-14DA5986C8D8}.Release|Any CPU.ActiveCfg = Release|Any CPU
		{500E71FE-E8F7-4584-9DFE-14DA5986C8D8}.Release|Any CPU.Build.0 = Release|Any CPU
	EndGlobalSection
	GlobalSection(SolutionProperties) = preSolution
		HideSolutionNode = FALSE
	EndGlobalSection
	GlobalSection(ExtensibilityGlobals) = postSolution
		SolutionGuid = {2D8EC1A9-47EA-44EF-AE37-B485E0332E4B}
	EndGlobalSection
EndGlobal
